# This file was autogenerated by uv via the following command:
#    uv pip compile pyproject.toml -o uv.lock
contourpy==1.3.2
    # via matplotlib
cycler==0.12.1
    # via matplotlib
enum34==1.1.10
    # via pyomo
et-xmlfile==2.0.0
    # via openpyxl
fonttools==4.60.1
    # via matplotlib
kiwisolver==1.4.9
    # via matplotlib
matplotlib==3.6.2
    # via prosumer-stochastic-model (pyproject.toml)
networkx==2.8.8
    # via prosumer-stochastic-model (pyproject.toml)
nose==1.3.7
    # via pyutilib
numpy==1.23.4
    # via
    #   prosumer-stochastic-model (pyproject.toml)
    #   contourpy
    #   matplotlib
    #   pandas
openpyxl==3.0.10
    # via prosumer-stochastic-model (pyproject.toml)
packaging==25.0
    # via matplotlib
pandas==1.5.2
    # via prosumer-stochastic-model (pyproject.toml)
pillow==12.0.0
    # via matplotlib
ply==3.11
    # via pyomo
pyomo==5.7.3
    # via prosumer-stochastic-model (pyproject.toml)
pyparsing==3.2.5
    # via matplotlib
python-dateutil==2.9.0.post0
    # via
    #   matplotlib
    #   pandas
pytz==2025.2
    # via pandas
pyutilib==6.0.0
    # via pyomo
six==1.17.0
    # via
    #   pyomo
    #   python-dateutil
    #   pyutilib
